
Microsoft Visual Studio Solution File, Format Version 12.00
# Visual Studio Version 16
VisualStudioVersion = 16.0.31019.35
MinimumVisualStudioVersion = 10.0.40219.1
Project("{FAE04EC0-301F-11D3-BF4B-00C04F79EFBC}") = "GUI", "B21 Ex05 TalKonortov 207681081 YahavMeyuhas 206921959\GUI.csproj", "{8872C5D0-65BB-4071-BB6E-FBF34400943E}"
EndProject
Project("{FAE04EC0-301F-11D3-BF4B-00C04F79EFBC}") = "GameEngine", "GameEngine\GameEngine.csproj", "{E3DD9752-4C98-4949-A4E3-BE1D0C91C2E2}"
EndProject
Global
	GlobalSection(SolutionConfigurationPlatforms) = preSolution
		Debug|Any CPU = Debug|Any CPU
		Release|Any CPU = Release|Any CPU
	EndGlobalSection
	GlobalSection(ProjectConfigurationPlatforms) = postSolution
		{8872C5D0-65BB-4071-BB6E-FBF34400943E}.Debug|Any CPU.ActiveCfg = Debug|Any CPU
		{8872C5D0-65BB-4071-BB6E-FBF34400943E}.Debug|Any CPU.Build.0 = Debug|Any CPU
		{8872C5D0-65BB-4071-BB6E-FBF34400943E}.Release|Any CPU.ActiveCfg = Release|Any CPU
		{8872C5D0-65BB-4071-BB6E-FBF34400943E}.Release|Any CPU.Build.0 = Release|Any CPU
		{E3DD9752-4C98-4949-A4E3-BE1D0C91C2E2}.Debug|Any CPU.ActiveCfg = Debug|Any CPU
		{E3DD9752-4C98-4949-A4E3-BE1D0C91C2E2}.Debug|Any CPU.Build.0 = Debug|Any CPU
		{E3DD9752-4C98-4949-A4E3-BE1D0C91C2E2}.Release|Any CPU.ActiveCfg = Release|Any CPU
		{E3DD9752-4C98-4949-A4E3-BE1D0C91C2E2}.Release|Any CPU.Build.0 = Release|Any CPU
	EndGlobalSection
	GlobalSection(SolutionProperties) = preSolution
		HideSolutionNode = FALSE
	EndGlobalSection
	GlobalSection(ExtensibilityGlobals) = postSolution
		SolutionGuid = {507B6F72-6B0F-48EA-B0DB-64FC978A3A5B}
	EndGlobalSection
EndGlobal
